// !$*UTF8*$!
{
	archiveVersion = 1;
	classes = {
	};
	objectVersion = 46;
	objects = {

/* Begin PBXBuildFile section */
		FAEDA3C11E290CCD006A762B /* AppDelegate.swift in Sources */ = {isa = PBXBuildFile; fileRef = FAEDA3C01E290CCD006A762B /* AppDelegate.swift */; };
		FAEDA3C31E290CCD006A762B /* CalculatorViewController.swift in Sources */ = {isa = PBXBuildFile; fileRef = FAEDA3C21E290CCD006A762B /* CalculatorViewController.swift */; };
		FAEDA3C61E290CCD006A762B /* Main.storyboard in Resources */ = {isa = PBXBuildFile; fileRef = FAEDA3C41E290CCD006A762B /* Main.storyboard */; };
		FAEDA3C81E290CCE006A762B /* Assets.xcassets in Resources */ = {isa = PBXBuildFile; fileRef = FAEDA3C71E290CCE006A762B /* Assets.xcassets */; };
		FAEDA3CB1E290CCE006A762B /* LaunchScreen.storyboard in Resources */ = {isa = PBXBuildFile; fileRef = FAEDA3C91E290CCE006A762B /* LaunchScreen.storyboard */; };
/* End PBXBuildFile section */

/* Begin PBXFileReference section */
		FAEDA3BD1E290CCD006A762B /* Calculatrice.app */ = {isa = PBXFileReference; explicitFileType = wrapper.application; includeInIndex = 0; path = Calculatrice.app; sourceTree = BUILT_PRODUCTS_DIR; };
		FAEDA3C01E290CCD006A762B /* AppDelegate.swift */ = {isa = PBXFileReference; lastKnownFileType = sourcecode.swift; path = AppDelegate.swift; sourceTree = "<group>"; };
		FAEDA3C21E290CCD006A762B /* CalculatorViewController.swift */ = {isa = PBXFileReference; lastKnownFileType = sourcecode.swift; path = CalculatorViewController.swift; sourceTree = "<group>"; };
		FAEDA3C51E290CCD006A762B /* Base */ = {isa = PBXFileReference; lastKnownFileType = file.storyboard; name = Base; path = Base.lproj/Main.storyboard; sourceTree = "<group>"; };
		FAEDA3C71E290CCE006A762B /* Assets.xcassets */ = {isa = PBXFileReference; lastKnownFileType = folder.assetcatalog; path = Assets.xcassets; sourceTree = "<group>"; };
		FAEDA3CA1E290CCE006A762B /* Base */ = {isa = PBXFileReference; lastKnownFileType = file.storyboard; name = Base; path = Base.lproj/LaunchScreen.storyboard; sourceTree = "<group>"; };
		FAEDA3CC1E290CCE006A762B /* Info.plist */ = {isa = PBXFileReference; lastKnownFileType = text.plist.xml; path = Info.plist; sourceTree = "<group>"; };
/* End PBXFileReference section */

/* Begin PBXFrameworksBuildPhase section */
		FAEDA3BA1E290CCD006A762B /* Frameworks */ = {
			isa = PBXFrameworksBuildPhase;
			buildActionMask = 2147483647;
			files = (
			);
			runOnlyForDeploymentPostprocessing = 0;
		};
/* End PBXFrameworksBuildPhase section */

/* Begin PBXGroup section */
		FAEDA3B41E290CCD006A762B = {
			isa = PBXGroup;
			children = (
				FAEDA3BF1E290CCD006A762B /* Calculatrice */,
				FAEDA3BE1E290CCD006A762B /* Products */,
			);
			sourceTree = "<group>";
		};
		FAEDA3BE1E290CCD006A762B /* Products */ = {
			isa = PBXGroup;
			children = (
				FAEDA3BD1E290CCD006A762B /* Calculatrice.app */,
			);
			name = Products;
			sourceTree = "<group>";
		};
		FAEDA3BF1E290CCD006A762B /* Calculatrice */ = {
			isa = PBXGroup;
			children = (
				FAEDA3C01E290CCD006A762B /* AppDelegate.swift */,
				FAEDA3C21E290CCD006A762B /* CalculatorViewController.swift */,
				FAEDA3C41E290CCD006A762B /* Main.storyboard */,
				FAEDA3C71E290CCE006A762B /* Assets.xcassets */,
				FAEDA3C91E290CCE006A762B /* LaunchScreen.storyboard */,
				FAEDA3CC1E290CCE006A762B /* Info.plist */,
			);
			path = Calculatrice;
			sourceTree = "<group>";
		};
/* End PBXGroup section */

/* Begin PBXNativeTarget section */
		FAEDA3BC1E290CCD006A762B /* Calculatrice */ = {
			isa = PBXNativeTarget;
			buildConfigurationList = FAEDA3CF1E290CCE006A762B /* Build configuration list for PBXNativeTarget "Calculatrice" */;
			buildPhases = (
				FAEDA3B91E290CCD006A762B /* Sources */,
				FAEDA3BA1E290CCD006A762B /* Frameworks */,
				FAEDA3BB1E290CCD006A762B /* Resources */,
			);
			buildRules = (
			);
			dependencies = (
			);
			name = Calculatrice;
			productName = Calculatrice;
			productReference = FAEDA3BD1E290CCD006A762B /* Calculatrice.app */;
			productType = "com.apple.product-type.application";
		};
/* End PBXNativeTarget section */

/* Begin PBXProject section */
		FAEDA3B51E290CCD006A762B /* Project object */ = {
			isa = PBXProject;
			attributes = {
				LastSwiftUpdateCheck = 0730;
				LastUpgradeCheck = 0730;
				ORGANIZATIONNAME = "SUP'Internet 09";
				TargetAttributes = {
					FAEDA3BC1E290CCD006A762B = {
						CreatedOnToolsVersion = 7.3;
					};
				};
			};
			buildConfigurationList = FAEDA3B81E290CCD006A762B /* Build configuration list for PBXProject "Calculatrice" */;
			compatibilityVersion = "Xcode 3.2";
			developmentRegion = English;
			hasScannedForEncodings = 0;
			knownRegions = (
				en,
				Base,
			);
			mainGroup = FAEDA3B41E290CCD006A762B;
			productRefGroup = FAEDA3BE1E290CCD006A762B /* Products */;
			projectDirPath = "";
			projectRoot = "";
			targets = (
				FAEDA3BC1E290CCD006A762B /* Calculatrice */,
			);
		};
/* End PBXProject section */

/* Begin PBXResourcesBuildPhase section */
		FAEDA3BB1E290CCD006A762B /* Resources */ = {
			isa = PBXResourcesBuildPhase;
			buildActionMask = 2147483647;
			files = (
				FAEDA3CB1E290CCE006A762B /* LaunchScreen.storyboard in Resources */,
				FAEDA3C81E290CCE006A762B /* Assets.xcassets in Resources */,
				FAEDA3C61E290CCD006A762B /* Main.storyboard in Resources */,
			);
			runOnlyForDeploymentPostprocessing = 0;
		};
/* End PBXResourcesBuildPhase section */

/* Begin PBXSourcesBuildPhase section */
		FAEDA3B91E290CCD006A762B /* Sources */ = {
			isa = PBXSourcesBuildPhase;
			buildActionMask = 2147483647;
			files = (
				FAEDA3C31E290CCD006A762B /* CalculatorViewController.swift in Sources */,
				FAEDA3C11E290CCD006A762B /* AppDelegate.swift in Sources */,
			);
			runOnlyForDeploymentPostprocessing = 0;
		};
/* End PBXSourcesBuildPhase section */

/* Begin PBXVariantGroup section */
		FAEDA3C41E290CCD006A762B /* Main.storyboard */ = {
			isa = PBXVariantGroup;
			children = (
				FAEDA3C51E290CCD006A762B /* Base */,
			);
			name = Main.storyboard;
			sourceTree = "<group>";
		};
		FAEDA3C91E290CCE006A762B /* LaunchScreen.storyboard */ = {
			isa = PBXVariantGroup;
			children = (
				FAEDA3CA1E290CCE006A762B /* Base */,
			);
			name = LaunchScreen.storyboard;
			sourceTree = "<group>";
		};
/* End PBXVariantGroup section */

/* Begin XCBuildConfiguration section */
		FAEDA3CD1E290CCE006A762B /* Debug */ = {
			isa = XCBuildConfiguration;
			buildSettings = {
				ALWAYS_SEARCH_USER_PATHS = NO;
				CLANG_ANALYZER_NONNULL = YES;
				CLANG_CXX_LANGUAGE_STANDARD = "gnu++0x";
				CLANG_CXX_LIBRARY = "libc++";
				CLANG_ENABLE_MODULES = YES;
				CLANG_ENABLE_OBJC_ARC = YES;
				CLANG_WARN_BOOL_CONVERSION = YES;
				CLANG_WARN_CONSTANT_CONVERSION = YES;
				CLANG_WARN_DIRECT_OBJC_ISA_USAGE = YES_ERROR;
				CLANG_WARN_EMPTY_BODY = YES;
				CLANG_WARN_ENUM_CONVERSION = YES;
				CLANG_WARN_INT_CONVERSION = YES;
				CLANG_WARN_OBJC_ROOT_CLASS = YES_ERROR;
				CLANG_WARN_UNREACHABLE_CODE = YES;
				CLANG_WARN__DUPLICATE_METHOD_MATCH = YES;
				"CODE_SIGN_IDENTITY[sdk=iphoneos*]" = "iPhone Developer";
				COPY_PHASE_STRIP = NO;
				DEBUG_INFORMATION_FORMAT = dwarf;
				ENABLE_STRICT_OBJC_MSGSEND = YES;
				ENABLE_TESTABILITY = YES;
				GCC_C_LANGUAGE_STANDARD = gnu99;
				GCC_DYNAMIC_NO_PIC = NO;
				GCC_NO_COMMON_BLOCKS = YES;
				GCC_OPTIMIZATION_LEVEL = 0;
				GCC_PREPROCESSOR_DEFINITIONS = (
					"DEBUG=1",
					"$(inherited)",
				);
				GCC_WARN_64_TO_32_BIT_CONVERSION = YES;
				GCC_WARN_ABOUT_RETURN_TYPE = YES_ERROR;
				GCC_WARN_UNDECLARED_SELECTOR = YES;
				GCC_WARN_UNINITIALIZED_AUTOS = YES_AGGRESSIVE;
				GCC_WARN_UNUSED_FUNCTION = YES;
				GCC_WARN_UNUSED_VARIABLE = YES;
				IPHONEOS_DEPLOYMENT_TARGET = 9.3;
				MTL_ENABLE_DEBUG_INFO = YES;
				ONLY_ACTIVE_ARCH = YES;
				SDKROOT = iphoneos;
				SWIFT_OPTIMIZATION_LEVEL = "-Onone";
				TARGETED_DEVICE_FAMILY = "1,2";
			};
			name = Debug;
		};
		FAEDA3CE1E290CCE006A762B /* Release */ = {
			isa = XCBuildConfiguration;
			buildSettings = {
				ALWAYS_SEARCH_USER_PATHS = NO;
				CLANG_ANALYZER_NONNULL = YES;
				CLANG_CXX_LANGUAGE_STANDARD = "gnu++0x";
				CLANG_CXX_LIBRARY = "libc++";
				CLANG_ENABLE_MODULES = YES;
				CLANG_ENABLE_OBJC_ARC = YES;
				CLANG_WARN_BOOL_CONVERSION = YES;
				CLANG_WARN_CONSTANT_CONVERSION = YES;
				CLANG_WARN_DIRECT_OBJC_ISA_USAGE = YES_ERROR;
				CLANG_WARN_EMPTY_BODY = YES;
				CLANG_WARN_ENUM_CONVERSION = YES;
				CLANG_WARN_INT_CONVERSION = YES;
				CLANG_WARN_OBJC_ROOT_CLASS = YES_ERROR;
				CLANG_WARN_UNREACHABLE_CODE = YES;
				CLANG_WARN__DUPLICATE_METHOD_MATCH = YES;
				"CODE_SIGN_IDENTITY[sdk=iphoneos*]" = "iPhone Developer";
				COPY_PHASE_STRIP = NO;
				DEBUG_INFORMATION_FORMAT = "dwarf-with-dsym";
				ENABLE_NS_ASSERTIONS = NO;
				ENABLE_STRICT_OBJC_MSGSEND = YES;
				GCC_C_LANGUAGE_STANDARD = gnu99;
				GCC_NO_COMMON_BLOCKS = YES;
				GCC_WARN_64_TO_32_BIT_CONVERSION = YES;
				GCC_WARN_ABOUT_RETURN_TYPE = YES_ERROR;
				GCC_WARN_UNDECLARED_SELECTOR = YES;
				GCC_WARN_UNINITIALIZED_AUTOS = YES_AGGRESSIVE;
				GCC_WARN_UNUSED_FUNCTION = YES;
				GCC_WARN_UNUSED_VARIABLE = YES;
				IPHONEOS_DEPLOYMENT_TARGET = 9.3;
				MTL_ENABLE_DEBUG_INFO = NO;
				SDKROOT = iphoneos;
				TARGETED_DEVICE_FAMILY = "1,2";
				VALIDATE_PRODUCT = YES;
			};
			name = Release;
		};
		FAEDA3D01E290CCE006A762B /* Debug */ = {
			isa = XCBuildConfiguration;
			buildSettings = {
				ASSETCATALOG_COMPILER_APPICON_NAME = AppIcon;
				INFOPLIST_FILE = Calculatrice/Info.plist;
				LD_RUNPATH_SEARCH_PATHS = "$(inherited) @executable_path/Frameworks";
				PRODUCT_BUNDLE_IDENTIFIER = DesjouisFlorian.Calculatrice;
				PRODUCT_NAME = "$(TARGET_NAME)";
			};
			name = Debug;
		};
		FAEDA3D11E290CCE006A762B /* Release */ = {
			isa = XCBuildConfiguration;
			buildSettings = {
				ASSETCATALOG_COMPILER_APPICON_NAME = AppIcon;
				INFOPLIST_FILE = Calculatrice/Info.plist;
				LD_RUNPATH_SEARCH_PATHS = "$(inherited) @executable_path/Frameworks";
				PRODUCT_BUNDLE_IDENTIFIER = DesjouisFlorian.Calculatrice;
				PRODUCT_NAME = "$(TARGET_NAME)";
			};
			name = Release;
		};
/* End XCBuildConfiguration section */

/* Begin XCConfigurationList section */
		FAEDA3B81E290CCD006A762B /* Build configuration list for PBXProject "Calculatrice" */ = {
			isa = XCConfigurationList;
			buildConfigurations = (
				FAEDA3CD1E290CCE006A762B /* Debug */,
				FAEDA3CE1E290CCE006A762B /* Release */,
			);
			defaultConfigurationIsVisible = 0;
			defaultConfigurationName = Release;
		};
		FAEDA3CF1E290CCE006A762B /* Build configuration list for PBXNativeTarget "Calculatrice" */ = {
			isa = XCConfigurationList;
			buildConfigurations = (
				FAEDA3D01E290CCE006A762B /* Debug */,
				FAEDA3D11E290CCE006A762B /* Release */,
			);
			defaultConfigurationIsVisible = 0;
			defaultConfigurationName = Release;
		};
/* End XCConfigurationList section */
	};
	rootObject = FAEDA3B51E290CCD006A762B /* Project object */;
}
